
Microsoft Visual Studio Solution File, Format Version 12.00
# Visual Studio Version 17
VisualStudioVersion = 17.9.34701.34
MinimumVisualStudioVersion = 10.0.40219.1
Project("{FAE04EC0-301F-11D3-BF4B-00C04F79EFBC}") = "BitmapPivot", "BitmapPivot\BitmapPivot.csproj", "{B0D1D9DE-BF67-4F07-9587-7A99A7984EA4}"
EndProject
Global
	GlobalSection(SolutionConfigurationPlatforms) = preSolution
		Debug|Any CPU = Debug|Any CPU
		Release|Any CPU = Release|Any CPU
	EndGlobalSection
	GlobalSection(ProjectConfigurationPlatforms) = postSolution
		{B0D1D9DE-BF67-4F07-9587-7A99A7984EA4}.Debug|Any CPU.ActiveCfg = Debug|Any CPU
		{B0D1D9DE-BF67-4F07-9587-7A99A7984EA4}.Debug|Any CPU.Build.0 = Debug|Any CPU
		{B0D1D9DE-BF67-4F07-9587-7A99A7984EA4}.Release|Any CPU.ActiveCfg = Release|Any CPU
		{B0D1D9DE-BF67-4F07-9587-7A99A7984EA4}.Release|Any CPU.Build.0 = Release|Any CPU
	EndGlobalSection
	GlobalSection(SolutionProperties) = preSolution
		HideSolutionNode = FALSE
	EndGlobalSection
	GlobalSection(ExtensibilityGlobals) = postSolution
		SolutionGuid = {0DD64C2F-698E-4D73-8D72-420FCD3FE7C5}
	EndGlobalSection
EndGlobal
